{
  "version": 4,
  "terraform_version": "1.3.5",
  "serial": 13,
  "lineage": "e423090e-c6a8-c48a-3313-71b0e68e1831",
  "outputs": {
    "public_ip_address": {
      "value": "172.174.80.193",
      "type": "string"
    },
    "resource_group_name": {
      "value": "rg-clever-quetzal",
      "type": "string"
    },
    "tls_private_key": {
      "value": "-----BEGIN RSA PRIVATE KEY-----\nMIIJKAIBAAKCAgEAwXbW2AgFgDZQiqDq/2q8X81y5ieGwaqbInS53Ed6Z6nbp8XW\nXMD0pMNVvDlY+UNbwXKJ62gP7m3Sqt321b0sMmS4r3vG5HKhzzBK+BreZFU+TB9Q\nVPshACDpUnx/wgkcvT7W6vIrOePmOKsmOGymDDLu6zrjLOAT0yK9R1jldU/JcSzn\nxKeOzRuljOWNgq9dLqOxZVy+Gy1MOQvbMgaL2F3TBlLcrq/jMZYdo62M/s69Ny4F\nHggy5H8/I/ea1LBn7ZDRFCIxVfI9/1ODgCP8RR0sm/hXm0Ny6OYCdJSb2xsCiWGy\nlKRsZ0PDMf5N8DrxUj5tNeteYHuVkrYvLhSQZB9rH8wvuykDq+KKOj7XOPedBpEG\nCRNoalYn8e+lB7+MwmKij2Er0dsRjFo4lm3owjjC/t1qbLaFlYEiPsSXwhKdtJ1p\nrbTJYUOxVaGgLdByzHHVVvZpdFURRQFXZeaiHcnViGUopB5eCRGJAUtdY6OF5UAX\nH8aIGrlbJPY720YwqG4xx7kQoGDL1kZcPJoqO9t0pakupxVWgxoWiJbpZf80l+aL\nd42EJtu580GRf21qNzz7Age9bQLv68qUhXKGkiC6X0+Gj8JhuzIUSJZPOIVotxJh\ncPQs1oOB8SMH+lcWvLJajDvHs33eZkIQuTfsIpvGg1THhk3N0PkCd2USeoECAwEA\nAQKCAgB086RZIDBDG5KA21p0YU/TEl29KHPcK4hwweOBeGxUsmgo+f3mQHckCzmO\n+ZQBy2hyfw1FE7ldx2ItDNWkzCElraG/47GOdIXAvE71wThjquxoFB354X5Hl520\n0bJh2CRZet1tVkwvSMfpxfzq6zNN+JRZ+1VN0X/qiPunX+QGkN8T3bOWPDylXWss\ny7BKKjzIbwhUYEZEI5QKgFJX4YE0oTNqhTkHGSjc1wS/57BucQgNjXJmf0pUu1+u\nHIaqwKFzCbJ621i7vh8gdJnwItDj7wkCmJRNNe8HP9SIKTY2tBNKfZb5KJSnsF0V\nocf3y4oKz9YxXEHHTa5T7HKFBsVp0vmrU0jK8w0br/DdAM8xYGUxMAT57hk/XU2U\ndRkAseFsQFxXfENJODW3OX0Y+hXghbhcbK6MUiYKNtNZYiEC+Tn9izy8Z4NhqV5K\nQJfyN6YyQqUTssW6x2Un64maMqPf91ECyL1KtI20u1xmNSoRZ32i/GuylaRaZaXJ\n/9jJsuOWG/VoUOauFZ9glpF6W4CWJWMSPTs2/lmpYvnpyKTceBwsZsx8mHagPtIT\nO1+U/0c7WJtHhB0kwVNcADTUdxIXQt6SWW0oNHrCueWWt1flMjBURoLKkCHsZufA\nwu3iVH7QV4UEjFrAPJilMOCuR1yeGZM3WkzrtgTpbG7eMdpXqQKCAQEAyZaAHmoe\nOwLpLisYcmwqFZor9HP0hmCK7juURJajeSYIDtYkMM0GrJsXXynsHZcdSBZT10Z6\nPk6/ceeTolNGaFlK4dTbw2/QRFxfNXxjrBgtFIH3pEFA5vtl0PlLb7CHBjaZwSB7\nX/1zsnQ4Mgbbw0LM8yjArp2+r+H36Hs7mfb6oi7Nn/cBhkxuJW/qnfFUsZWwkUzP\neSk0bsrpH4DxtC7ivI53m+cTKvcKV6m+5ffn10o3mvhNj+AiYzidNw78ikG8XTEb\nVa2chCGH3tu1Dgbxih5qWunqCd/tYZfWpLaE8BOUl52nQzs7nycPAQ7zy+h/zMAi\nhNBPQg6hAtoXqwKCAQEA9a8AcXUjKo/OG/MCM+76rFzDzo6uhsf4R6xblUijjia+\nPpmrYCtFd1TzP2TtFNb/Q7b0RGYvpQEjE9Ut9gPie3cemdlyHS//QVG1VZmev26u\nJL0Bk07EbGsyWL5R547TAWNx7m526x2RN1JKdxh7VIpQE96tCfBu6wmY9CVj+0hQ\njrFw+oRPVXEPdh0m4RpUFRG8ZXO7thI/UyzVnKl9msTAUtVeGQJaaTcam5jW2u4q\nBhQ/oZwPPY7XWdXzmwTwQ+REjdGS3JNMq3BnOpTJsQ/ssp4uPePD4Je+IfwXiIxb\n2hLIOrNk3//upiGq4tSDxPA+JGaE3O1UhpQINjMagwKCAQA8cf86n3EvGqFWsZ9j\n9+Dql07kvrwsathdtMmxg0XDNs8lu7ogU+nTabGpXEWrXbtu+RrsqvpOoogvHFQd\nUUEEWvnkG1JGGMnnJZd6zzCH0rv5sTrTKqnOWMVf0tB2zgS+rTKPQTEdSD8f3E9Z\nWMseknIn2yljcnNSA7y1HfZyJSdj6ArKE2OGpHZGjXdZIprVoN/PwatYVi2dpwQd\n6SkQcRqVlVZyDeimcmrMfF58UEhZOqzPr/J52KgW/kvNzZWV0z4q52Wd3C/ZQsCd\n510ztotIcfRMDGWbzmQ8Zi37N6tG3WgpyiD0PNeU0j5if9xEYROpDleLYXbShNZs\np35/AoIBAQDnMsV+/5WVUvjJ0nhrOORK2Y0mT50rlvktMaSJqm7Hsevr6x6cBHx9\nnMLAEJEOwHg9V+ksiOEjLRu+aSm0TtmOCH4Sl89MakOSS3sSz9rVGSnlxru5zTEJ\nOiOJ4agf+YbV0qh/kRJ1lUB3yAftZWuCFhrfZ/h81vb6VfDLKHibGuU8Mv03stUZ\neajsJOjWgrlHjoY1DqFB6JARDKsEn3dk8uxtxv6jGFTOmJ2AeWcPZXrEd7+drMem\nzUoY7z8szYvwx9o/f03uJuvKlZ9/QE9BQdQkDrlDYpiNPR8eyiW3SSaS5IPqwbEX\nHriNPDec+BH8fXxtMtCrOugFMT89CgBTAoIBAAO+rOHPHoylF8hc7fXTduGOBCac\nX1vMmfGdr2+EbZwucKE0MnVo69Z2KlqTJvOGxC6j79v5VUQIZhazB9EB95hBpywU\nurZX1w4iyBV0PBa4Bugz+oACCCX4WeusFOpJXe9mSB5iuHdmKngxlG4dBBIAE/9R\nbpIzgQ5um1o9kikH7lTBY2uRRBEVbzEz/k4Xux8hXOlI9zjiDrGdHCmCFuh1Gxbe\nTBG5UPN0ia7nNazsnfc0SAfoaGWG9VkuQAyEX8OSUDdXMAfS8tAFLOFoDzLCUNIi\n85yFdIbSVFqjkEpvAtlWD4qi0I5nWqE3s/iaZ0DbFZxo1o4aIleMcsKAfOo=\n-----END RSA PRIVATE KEY-----\n",
      "type": "string",
      "sensitive": true
    }
  },
  "resources": [
    {
      "mode": "managed",
      "type": "azurerm_linux_virtual_machine",
      "name": "my_terraform_vm",
      "provider": "provider[\"registry.terraform.io/hashicorp/azurerm\"]",
      "instances": [
        {
          "schema_version": 0,
          "attributes": {
            "additional_capabilities": [],
            "admin_password": null,
            "admin_ssh_key": [
              {
                "public_key": "ssh-rsa AAAAB3NzaC1yc2EAAAADAQABAAACAQDBdtbYCAWANlCKoOr/arxfzXLmJ4bBqpsidLncR3pnqdunxdZcwPSkw1W8OVj5Q1vBconraA/ubdKq3fbVvSwyZLive8bkcqHPMEr4Gt5kVT5MH1BU+yEAIOlSfH/CCRy9Ptbq8is54+Y4qyY4bKYMMu7rOuMs4BPTIr1HWOV1T8lxLOfEp47NG6WM5Y2Cr10uo7FlXL4bLUw5C9syBovYXdMGUtyur+Mxlh2jrYz+zr03LgUeCDLkfz8j95rUsGftkNEUIjFV8j3/U4OAI/xFHSyb+FebQ3Lo5gJ0lJvbGwKJYbKUpGxnQ8Mx/k3wOvFSPm01615ge5WSti8uFJBkH2sfzC+7KQOr4oo6Ptc4950GkQYJE2hqVifx76UHv4zCYqKPYSvR2xGMWjiWbejCOML+3WpstoWVgSI+xJfCEp20nWmttMlhQ7FVoaAt0HLMcdVW9ml0VRFFAVdl5qIdydWIZSikHl4JEYkBS11jo4XlQBcfxogauVsk9jvbRjCobjHHuRCgYMvWRlw8mio723SlqS6nFVaDGhaIlull/zSX5ot3jYQm27nzQZF/bWo3PPsCB71tAu/rypSFcoaSILpfT4aPwmG7MhRIlk84hWi3EmFw9CzWg4HxIwf6Vxa8slqMO8ezfd5mQhC5N+wim8aDVMeGTc3Q+QJ3ZRJ6gQ==\n",
                "username": "azureuser"
              }
            ],
            "admin_username": "azureuser",
            "allow_extension_operations": true,
            "availability_set_id": "",
            "boot_diagnostics": [
              {
                "storage_account_uri": "https://diag8b4c830d98f998ec.blob.core.windows.net/"
              }
            ],
            "computer_name": "myvm",
            "custom_data": null,
            "dedicated_host_group_id": "",
            "dedicated_host_id": "",
            "disable_password_authentication": true,
            "encryption_at_host_enabled": false,
            "eviction_policy": "",
            "extensions_time_budget": "PT1H30M",
            "id": "/subscriptions/fe8105e2-0470-4475-8bff-762e188dc0ec/resourceGroups/rg-clever-quetzal/providers/Microsoft.Compute/virtualMachines/myVM",
            "identity": [],
            "license_type": "",
            "location": "eastus",
            "max_bid_price": -1,
            "name": "myVM",
            "network_interface_ids": [
              "/subscriptions/fe8105e2-0470-4475-8bff-762e188dc0ec/resourceGroups/rg-clever-quetzal/providers/Microsoft.Network/networkInterfaces/myNIC"
            ],
            "os_disk": [
              {
                "caching": "ReadWrite",
                "diff_disk_settings": [],
                "disk_encryption_set_id": "",
                "disk_size_gb": 30,
                "name": "myOsDisk",
                "storage_account_type": "Premium_LRS",
                "write_accelerator_enabled": false
              }
            ],
            "patch_mode": "ImageDefault",
            "plan": [],
            "platform_fault_domain": -1,
            "priority": "Regular",
            "private_ip_address": "10.0.1.4",
            "private_ip_addresses": [
              "10.0.1.4"
            ],
            "provision_vm_agent": true,
            "proximity_placement_group_id": "",
            "public_ip_address": "172.174.80.193",
            "public_ip_addresses": [
              "172.174.80.193"
            ],
            "resource_group_name": "rg-clever-quetzal",
            "secret": [],
            "secure_boot_enabled": false,
            "size": "Standard_DS1_v2",
            "source_image_id": "",
            "source_image_reference": [
              {
                "offer": "UbuntuServer",
                "publisher": "Canonical",
                "sku": "18.04-LTS",
                "version": "latest"
              }
            ],
            "tags": null,
            "timeouts": null,
            "user_data": "",
            "virtual_machine_id": "bb477e78-220d-4130-89b0-e95f549fa0c4",
            "virtual_machine_scale_set_id": "",
            "vtpm_enabled": false,
            "zone": ""
          },
          "sensitive_attributes": [],
          "private": "eyJlMmJmYjczMC1lY2FhLTExZTYtOGY4OC0zNDM2M2JjN2M0YzAiOnsiY3JlYXRlIjoyNzAwMDAwMDAwMDAwLCJkZWxldGUiOjI3MDAwMDAwMDAwMDAsInJlYWQiOjMwMDAwMDAwMDAwMCwidXBkYXRlIjoyNzAwMDAwMDAwMDAwfX0=",
          "dependencies": [
            "azurerm_network_interface.my_terraform_nic",
            "azurerm_public_ip.my_terraform_public_ip",
            "azurerm_resource_group.rg",
            "azurerm_storage_account.my_storage_account",
            "azurerm_subnet.my_terraform_subnet",
            "azurerm_virtual_network.my_terraform_network",
            "random_id.random_id",
            "random_pet.rg_name",
            "tls_private_key.example_ssh"
          ]
        }
      ]
    },
    {
      "mode": "managed",
      "type": "azurerm_network_interface",
      "name": "my_terraform_nic",
      "provider": "provider[\"registry.terraform.io/hashicorp/azurerm\"]",
      "instances": [
        {
          "schema_version": 0,
          "attributes": {
            "applied_dns_servers": [],
            "dns_servers": [],
            "enable_accelerated_networking": false,
            "enable_ip_forwarding": false,
            "id": "/subscriptions/fe8105e2-0470-4475-8bff-762e188dc0ec/resourceGroups/rg-clever-quetzal/providers/Microsoft.Network/networkInterfaces/myNIC",
            "internal_dns_name_label": "",
            "internal_domain_name_suffix": "2zfoz3u5cwmu5cf2cjrvhgmvxd.bx.internal.cloudapp.net",
            "ip_configuration": [
              {
                "gateway_load_balancer_frontend_ip_configuration_id": "",
                "name": "my_nic_configuration",
                "primary": true,
                "private_ip_address": "10.0.1.4",
                "private_ip_address_allocation": "Dynamic",
                "private_ip_address_version": "IPv4",
                "public_ip_address_id": "/subscriptions/fe8105e2-0470-4475-8bff-762e188dc0ec/resourceGroups/rg-clever-quetzal/providers/Microsoft.Network/publicIPAddresses/myPublicIP",
                "subnet_id": "/subscriptions/fe8105e2-0470-4475-8bff-762e188dc0ec/resourceGroups/rg-clever-quetzal/providers/Microsoft.Network/virtualNetworks/myVnet/subnets/mySubnet"
              }
            ],
            "location": "eastus",
            "mac_address": "",
            "name": "myNIC",
            "private_ip_address": "10.0.1.4",
            "private_ip_addresses": [
              "10.0.1.4"
            ],
            "resource_group_name": "rg-clever-quetzal",
            "tags": null,
            "timeouts": null,
            "virtual_machine_id": ""
          },
          "sensitive_attributes": [],
          "private": "eyJlMmJmYjczMC1lY2FhLTExZTYtOGY4OC0zNDM2M2JjN2M0YzAiOnsiY3JlYXRlIjoxODAwMDAwMDAwMDAwLCJkZWxldGUiOjE4MDAwMDAwMDAwMDAsInJlYWQiOjMwMDAwMDAwMDAwMCwidXBkYXRlIjoxODAwMDAwMDAwMDAwfX0=",
          "dependencies": [
            "azurerm_public_ip.my_terraform_public_ip",
            "azurerm_resource_group.rg",
            "azurerm_subnet.my_terraform_subnet",
            "azurerm_virtual_network.my_terraform_network",
            "random_pet.rg_name"
          ]
        }
      ]
    },
    {
      "mode": "managed",
      "type": "azurerm_network_interface_security_group_association",
      "name": "example",
      "provider": "provider[\"registry.terraform.io/hashicorp/azurerm\"]",
      "instances": [
        {
          "schema_version": 0,
          "attributes": {
            "id": "/subscriptions/fe8105e2-0470-4475-8bff-762e188dc0ec/resourceGroups/rg-clever-quetzal/providers/Microsoft.Network/networkInterfaces/myNIC|/subscriptions/fe8105e2-0470-4475-8bff-762e188dc0ec/resourceGroups/rg-clever-quetzal/providers/Microsoft.Network/networkSecurityGroups/myNetworkSecurityGroup",
            "network_interface_id": "/subscriptions/fe8105e2-0470-4475-8bff-762e188dc0ec/resourceGroups/rg-clever-quetzal/providers/Microsoft.Network/networkInterfaces/myNIC",
            "network_security_group_id": "/subscriptions/fe8105e2-0470-4475-8bff-762e188dc0ec/resourceGroups/rg-clever-quetzal/providers/Microsoft.Network/networkSecurityGroups/myNetworkSecurityGroup",
            "timeouts": null
          },
          "sensitive_attributes": [],
          "private": "eyJlMmJmYjczMC1lY2FhLTExZTYtOGY4OC0zNDM2M2JjN2M0YzAiOnsiY3JlYXRlIjoxODAwMDAwMDAwMDAwLCJkZWxldGUiOjE4MDAwMDAwMDAwMDAsInJlYWQiOjMwMDAwMDAwMDAwMCwidXBkYXRlIjoxODAwMDAwMDAwMDAwfX0=",
          "dependencies": [
            "azurerm_network_interface.my_terraform_nic",
            "azurerm_network_security_group.my_terraform_nsg",
            "azurerm_public_ip.my_terraform_public_ip",
            "azurerm_resource_group.rg",
            "azurerm_subnet.my_terraform_subnet",
            "azurerm_virtual_network.my_terraform_network",
            "random_pet.rg_name"
          ]
        }
      ]
    },
    {
      "mode": "managed",
      "type": "azurerm_network_security_group",
      "name": "my_terraform_nsg",
      "provider": "provider[\"registry.terraform.io/hashicorp/azurerm\"]",
      "instances": [
        {
          "schema_version": 0,
          "attributes": {
            "id": "/subscriptions/fe8105e2-0470-4475-8bff-762e188dc0ec/resourceGroups/rg-clever-quetzal/providers/Microsoft.Network/networkSecurityGroups/myNetworkSecurityGroup",
            "location": "eastus",
            "name": "myNetworkSecurityGroup",
            "resource_group_name": "rg-clever-quetzal",
            "security_rule": [
              {
                "access": "Allow",
                "description": "",
                "destination_address_prefix": "*",
                "destination_address_prefixes": [],
                "destination_application_security_group_ids": [],
                "destination_port_range": "22",
                "destination_port_ranges": [],
                "direction": "Inbound",
                "name": "SSH",
                "priority": 1001,
                "protocol": "Tcp",
                "source_address_prefix": "*",
                "source_address_prefixes": [],
                "source_application_security_group_ids": [],
                "source_port_range": "*",
                "source_port_ranges": []
              }
            ],
            "tags": null,
            "timeouts": null
          },
          "sensitive_attributes": [],
          "private": "eyJlMmJmYjczMC1lY2FhLTExZTYtOGY4OC0zNDM2M2JjN2M0YzAiOnsiY3JlYXRlIjoxODAwMDAwMDAwMDAwLCJkZWxldGUiOjE4MDAwMDAwMDAwMDAsInJlYWQiOjMwMDAwMDAwMDAwMCwidXBkYXRlIjoxODAwMDAwMDAwMDAwfX0=",
          "dependencies": [
            "azurerm_resource_group.rg",
            "random_pet.rg_name"
          ]
        }
      ]
    },
    {
      "mode": "managed",
      "type": "azurerm_public_ip",
      "name": "my_terraform_public_ip",
      "provider": "provider[\"registry.terraform.io/hashicorp/azurerm\"]",
      "instances": [
        {
          "schema_version": 0,
          "attributes": {
            "allocation_method": "Dynamic",
            "availability_zone": "No-Zone",
            "domain_name_label": null,
            "fqdn": null,
            "id": "/subscriptions/fe8105e2-0470-4475-8bff-762e188dc0ec/resourceGroups/rg-clever-quetzal/providers/Microsoft.Network/publicIPAddresses/myPublicIP",
            "idle_timeout_in_minutes": 4,
            "ip_address": "",
            "ip_tags": null,
            "ip_version": "IPv4",
            "location": "eastus",
            "name": "myPublicIP",
            "public_ip_prefix_id": null,
            "resource_group_name": "rg-clever-quetzal",
            "reverse_fqdn": null,
            "sku": "Basic",
            "sku_tier": "Regional",
            "tags": null,
            "timeouts": null,
            "zones": []
          },
          "sensitive_attributes": [],
          "private": "eyJlMmJmYjczMC1lY2FhLTExZTYtOGY4OC0zNDM2M2JjN2M0YzAiOnsiY3JlYXRlIjoxODAwMDAwMDAwMDAwLCJkZWxldGUiOjE4MDAwMDAwMDAwMDAsInJlYWQiOjMwMDAwMDAwMDAwMCwidXBkYXRlIjoxODAwMDAwMDAwMDAwfX0=",
          "dependencies": [
            "azurerm_resource_group.rg",
            "random_pet.rg_name"
          ]
        }
      ]
    },
    {
      "mode": "managed",
      "type": "azurerm_resource_group",
      "name": "rg",
      "provider": "provider[\"registry.terraform.io/hashicorp/azurerm\"]",
      "instances": [
        {
          "schema_version": 0,
          "attributes": {
            "id": "/subscriptions/fe8105e2-0470-4475-8bff-762e188dc0ec/resourceGroups/rg-clever-quetzal",
            "location": "eastus",
            "name": "rg-clever-quetzal",
            "tags": null,
            "timeouts": null
          },
          "sensitive_attributes": [],
          "private": "eyJlMmJmYjczMC1lY2FhLTExZTYtOGY4OC0zNDM2M2JjN2M0YzAiOnsiY3JlYXRlIjo1NDAwMDAwMDAwMDAwLCJkZWxldGUiOjU0MDAwMDAwMDAwMDAsInJlYWQiOjMwMDAwMDAwMDAwMCwidXBkYXRlIjo1NDAwMDAwMDAwMDAwfX0=",
          "dependencies": [
            "random_pet.rg_name"
          ]
        }
      ]
    },
    {
      "mode": "managed",
      "type": "azurerm_storage_account",
      "name": "my_storage_account",
      "provider": "provider[\"registry.terraform.io/hashicorp/azurerm\"]",
      "instances": [
        {
          "schema_version": 2,
          "attributes": {
            "access_tier": "Hot",
            "account_kind": "StorageV2",
            "account_replication_type": "LRS",
            "account_tier": "Standard",
            "allow_blob_public_access": false,
            "azure_files_authentication": [],
            "blob_properties": [
              {
                "change_feed_enabled": false,
                "container_delete_retention_policy": [],
                "cors_rule": [],
                "default_service_version": "",
                "delete_retention_policy": [],
                "last_access_time_enabled": false,
                "versioning_enabled": false
              }
            ],
            "custom_domain": [],
            "customer_managed_key": [],
            "enable_https_traffic_only": true,
            "id": "/subscriptions/fe8105e2-0470-4475-8bff-762e188dc0ec/resourceGroups/rg-clever-quetzal/providers/Microsoft.Storage/storageAccounts/diag8b4c830d98f998ec",
            "identity": [],
            "infrastructure_encryption_enabled": false,
            "is_hns_enabled": false,
            "large_file_share_enabled": null,
            "location": "eastus",
            "min_tls_version": "TLS1_0",
            "name": "diag8b4c830d98f998ec",
            "network_rules": [
              {
                "bypass": [
                  "AzureServices"
                ],
                "default_action": "Allow",
                "ip_rules": [],
                "private_link_access": [],
                "virtual_network_subnet_ids": []
              }
            ],
            "nfsv3_enabled": false,
            "primary_access_key": "U53S16U7BFWiCNopDdp0h6xjj3H5uleOU25r17/mb6q1z8A5q38QyXwJVPcW7VEHh7avTQ8Z/+b++AStmk3Qng==",
            "primary_blob_connection_string": "DefaultEndpointsProtocol=https;BlobEndpoint=https://diag8b4c830d98f998ec.blob.core.windows.net/;AccountName=diag8b4c830d98f998ec;AccountKey=U53S16U7BFWiCNopDdp0h6xjj3H5uleOU25r17/mb6q1z8A5q38QyXwJVPcW7VEHh7avTQ8Z/+b++AStmk3Qng==",
            "primary_blob_endpoint": "https://diag8b4c830d98f998ec.blob.core.windows.net/",
            "primary_blob_host": "diag8b4c830d98f998ec.blob.core.windows.net",
            "primary_connection_string": "DefaultEndpointsProtocol=https;AccountName=diag8b4c830d98f998ec;AccountKey=U53S16U7BFWiCNopDdp0h6xjj3H5uleOU25r17/mb6q1z8A5q38QyXwJVPcW7VEHh7avTQ8Z/+b++AStmk3Qng==;EndpointSuffix=core.windows.net",
            "primary_dfs_endpoint": "https://diag8b4c830d98f998ec.dfs.core.windows.net/",
            "primary_dfs_host": "diag8b4c830d98f998ec.dfs.core.windows.net",
            "primary_file_endpoint": "https://diag8b4c830d98f998ec.file.core.windows.net/",
            "primary_file_host": "diag8b4c830d98f998ec.file.core.windows.net",
            "primary_location": "eastus",
            "primary_queue_endpoint": "https://diag8b4c830d98f998ec.queue.core.windows.net/",
            "primary_queue_host": "diag8b4c830d98f998ec.queue.core.windows.net",
            "primary_table_endpoint": "https://diag8b4c830d98f998ec.table.core.windows.net/",
            "primary_table_host": "diag8b4c830d98f998ec.table.core.windows.net",
            "primary_web_endpoint": "https://diag8b4c830d98f998ec.z13.web.core.windows.net/",
            "primary_web_host": "diag8b4c830d98f998ec.z13.web.core.windows.net",
            "queue_encryption_key_type": "Service",
            "queue_properties": [
              {
                "cors_rule": [],
                "hour_metrics": [
                  {
                    "enabled": true,
                    "include_apis": true,
                    "retention_policy_days": 7,
                    "version": "1.0"
                  }
                ],
                "logging": [
                  {
                    "delete": false,
                    "read": false,
                    "retention_policy_days": 0,
                    "version": "1.0",
                    "write": false
                  }
                ],
                "minute_metrics": [
                  {
                    "enabled": false,
                    "include_apis": false,
                    "retention_policy_days": 0,
                    "version": "1.0"
                  }
                ]
              }
            ],
            "resource_group_name": "rg-clever-quetzal",
            "routing": [],
            "secondary_access_key": "EsvsVOkLAP8wkAG+hbMdrtUWt8/AuPbMsLBA01PmC7/F7frSZvehi21wNg1ZkD4kpQCt6AVjPl8K+AStBzq8CQ==",
            "secondary_blob_connection_string": "",
            "secondary_blob_endpoint": null,
            "secondary_blob_host": null,
            "secondary_connection_string": "DefaultEndpointsProtocol=https;AccountName=diag8b4c830d98f998ec;AccountKey=EsvsVOkLAP8wkAG+hbMdrtUWt8/AuPbMsLBA01PmC7/F7frSZvehi21wNg1ZkD4kpQCt6AVjPl8K+AStBzq8CQ==;EndpointSuffix=core.windows.net",
            "secondary_dfs_endpoint": null,
            "secondary_dfs_host": null,
            "secondary_file_endpoint": null,
            "secondary_file_host": null,
            "secondary_location": "",
            "secondary_queue_endpoint": null,
            "secondary_queue_host": null,
            "secondary_table_endpoint": null,
            "secondary_table_host": null,
            "secondary_web_endpoint": null,
            "secondary_web_host": null,
            "share_properties": [
              {
                "cors_rule": [],
                "retention_policy": [
                  {
                    "days": 7
                  }
                ],
                "smb": []
              }
            ],
            "shared_access_key_enabled": true,
            "static_website": [],
            "table_encryption_key_type": "Service",
            "tags": null,
            "timeouts": null
          },
          "sensitive_attributes": [],
          "private": "eyJlMmJmYjczMC1lY2FhLTExZTYtOGY4OC0zNDM2M2JjN2M0YzAiOnsiY3JlYXRlIjozNjAwMDAwMDAwMDAwLCJkZWxldGUiOjM2MDAwMDAwMDAwMDAsInJlYWQiOjMwMDAwMDAwMDAwMCwidXBkYXRlIjozNjAwMDAwMDAwMDAwfSwic2NoZW1hX3ZlcnNpb24iOiIyIn0=",
          "dependencies": [
            "azurerm_resource_group.rg",
            "random_id.random_id",
            "random_pet.rg_name"
          ]
        }
      ]
    },
    {
      "mode": "managed",
      "type": "azurerm_subnet",
      "name": "my_terraform_subnet",
      "provider": "provider[\"registry.terraform.io/hashicorp/azurerm\"]",
      "instances": [
        {
          "schema_version": 0,
          "attributes": {
            "address_prefix": "10.0.1.0/24",
            "address_prefixes": [
              "10.0.1.0/24"
            ],
            "delegation": [],
            "enforce_private_link_endpoint_network_policies": false,
            "enforce_private_link_service_network_policies": false,
            "id": "/subscriptions/fe8105e2-0470-4475-8bff-762e188dc0ec/resourceGroups/rg-clever-quetzal/providers/Microsoft.Network/virtualNetworks/myVnet/subnets/mySubnet",
            "name": "mySubnet",
            "resource_group_name": "rg-clever-quetzal",
            "service_endpoint_policy_ids": null,
            "service_endpoints": null,
            "timeouts": null,
            "virtual_network_name": "myVnet"
          },
          "sensitive_attributes": [],
          "private": "eyJlMmJmYjczMC1lY2FhLTExZTYtOGY4OC0zNDM2M2JjN2M0YzAiOnsiY3JlYXRlIjoxODAwMDAwMDAwMDAwLCJkZWxldGUiOjE4MDAwMDAwMDAwMDAsInJlYWQiOjMwMDAwMDAwMDAwMCwidXBkYXRlIjoxODAwMDAwMDAwMDAwfX0=",
          "dependencies": [
            "azurerm_resource_group.rg",
            "azurerm_virtual_network.my_terraform_network",
            "random_pet.rg_name"
          ]
        }
      ]
    },
    {
      "mode": "managed",
      "type": "azurerm_virtual_network",
      "name": "my_terraform_network",
      "provider": "provider[\"registry.terraform.io/hashicorp/azurerm\"]",
      "instances": [
        {
          "schema_version": 0,
          "attributes": {
            "address_space": [
              "10.0.0.0/16"
            ],
            "bgp_community": "",
            "ddos_protection_plan": [],
            "dns_servers": [],
            "flow_timeout_in_minutes": 0,
            "guid": "f6ec4ae6-159f-4f99-88bc-1263539995bb",
            "id": "/subscriptions/fe8105e2-0470-4475-8bff-762e188dc0ec/resourceGroups/rg-clever-quetzal/providers/Microsoft.Network/virtualNetworks/myVnet",
            "location": "eastus",
            "name": "myVnet",
            "resource_group_name": "rg-clever-quetzal",
            "subnet": [],
            "tags": null,
            "timeouts": null,
            "vm_protection_enabled": false
          },
          "sensitive_attributes": [],
          "private": "eyJlMmJmYjczMC1lY2FhLTExZTYtOGY4OC0zNDM2M2JjN2M0YzAiOnsiY3JlYXRlIjoxODAwMDAwMDAwMDAwLCJkZWxldGUiOjE4MDAwMDAwMDAwMDAsInJlYWQiOjMwMDAwMDAwMDAwMCwidXBkYXRlIjoxODAwMDAwMDAwMDAwfX0=",
          "dependencies": [
            "azurerm_resource_group.rg",
            "random_pet.rg_name"
          ]
        }
      ]
    },
    {
      "mode": "managed",
      "type": "random_id",
      "name": "random_id",
      "provider": "provider[\"registry.terraform.io/hashicorp/random\"]",
      "instances": [
        {
          "schema_version": 0,
          "attributes": {
            "b64_std": "i0yDDZj5mOw=",
            "b64_url": "i0yDDZj5mOw",
            "byte_length": 8,
            "dec": "10037541763926300908",
            "hex": "8b4c830d98f998ec",
            "id": "i0yDDZj5mOw",
            "keepers": {
              "resource_group": "rg-clever-quetzal"
            },
            "prefix": null
          },
          "sensitive_attributes": [],
          "dependencies": [
            "azurerm_resource_group.rg",
            "random_pet.rg_name"
          ]
        }
      ]
    },
    {
      "mode": "managed",
      "type": "random_pet",
      "name": "rg_name",
      "provider": "provider[\"registry.terraform.io/hashicorp/random\"]",
      "instances": [
        {
          "schema_version": 0,
          "attributes": {
            "id": "rg-clever-quetzal",
            "keepers": null,
            "length": 2,
            "prefix": "rg",
            "separator": "-"
          },
          "sensitive_attributes": []
        }
      ]
    },
    {
      "mode": "managed",
      "type": "tls_private_key",
      "name": "example_ssh",
      "provider": "provider[\"registry.terraform.io/hashicorp/tls\"]",
      "instances": [
        {
          "schema_version": 1,
          "attributes": {
            "algorithm": "RSA",
            "ecdsa_curve": "P224",
            "id": "3fc2be3a51ea9e0c7e48ceb40b6e5ca655bd3634",
            "private_key_openssh": "-----BEGIN OPENSSH PRIVATE KEY-----\nb3BlbnNzaC1rZXktdjEAAAAABG5vbmUAAAAEbm9uZQAAAAAAAAABAAACFwAAAAdz\nc2gtcnNhAAAAAwEAAQAAAgEAwXbW2AgFgDZQiqDq/2q8X81y5ieGwaqbInS53Ed6\nZ6nbp8XWXMD0pMNVvDlY+UNbwXKJ62gP7m3Sqt321b0sMmS4r3vG5HKhzzBK+Bre\nZFU+TB9QVPshACDpUnx/wgkcvT7W6vIrOePmOKsmOGymDDLu6zrjLOAT0yK9R1jl\ndU/JcSznxKeOzRuljOWNgq9dLqOxZVy+Gy1MOQvbMgaL2F3TBlLcrq/jMZYdo62M\n/s69Ny4FHggy5H8/I/ea1LBn7ZDRFCIxVfI9/1ODgCP8RR0sm/hXm0Ny6OYCdJSb\n2xsCiWGylKRsZ0PDMf5N8DrxUj5tNeteYHuVkrYvLhSQZB9rH8wvuykDq+KKOj7X\nOPedBpEGCRNoalYn8e+lB7+MwmKij2Er0dsRjFo4lm3owjjC/t1qbLaFlYEiPsSX\nwhKdtJ1prbTJYUOxVaGgLdByzHHVVvZpdFURRQFXZeaiHcnViGUopB5eCRGJAUtd\nY6OF5UAXH8aIGrlbJPY720YwqG4xx7kQoGDL1kZcPJoqO9t0pakupxVWgxoWiJbp\nZf80l+aLd42EJtu580GRf21qNzz7Age9bQLv68qUhXKGkiC6X0+Gj8JhuzIUSJZP\nOIVotxJhcPQs1oOB8SMH+lcWvLJajDvHs33eZkIQuTfsIpvGg1THhk3N0PkCd2US\neoEAAAc4uUjVl7lI1ZcAAAAHc3NoLXJzYQAAAgEAwXbW2AgFgDZQiqDq/2q8X81y\n5ieGwaqbInS53Ed6Z6nbp8XWXMD0pMNVvDlY+UNbwXKJ62gP7m3Sqt321b0sMmS4\nr3vG5HKhzzBK+BreZFU+TB9QVPshACDpUnx/wgkcvT7W6vIrOePmOKsmOGymDDLu\n6zrjLOAT0yK9R1jldU/JcSznxKeOzRuljOWNgq9dLqOxZVy+Gy1MOQvbMgaL2F3T\nBlLcrq/jMZYdo62M/s69Ny4FHggy5H8/I/ea1LBn7ZDRFCIxVfI9/1ODgCP8RR0s\nm/hXm0Ny6OYCdJSb2xsCiWGylKRsZ0PDMf5N8DrxUj5tNeteYHuVkrYvLhSQZB9r\nH8wvuykDq+KKOj7XOPedBpEGCRNoalYn8e+lB7+MwmKij2Er0dsRjFo4lm3owjjC\n/t1qbLaFlYEiPsSXwhKdtJ1prbTJYUOxVaGgLdByzHHVVvZpdFURRQFXZeaiHcnV\niGUopB5eCRGJAUtdY6OF5UAXH8aIGrlbJPY720YwqG4xx7kQoGDL1kZcPJoqO9t0\npakupxVWgxoWiJbpZf80l+aLd42EJtu580GRf21qNzz7Age9bQLv68qUhXKGkiC6\nX0+Gj8JhuzIUSJZPOIVotxJhcPQs1oOB8SMH+lcWvLJajDvHs33eZkIQuTfsIpvG\ng1THhk3N0PkCd2USeoEAAAADAQABAAACAHTzpFkgMEMbkoDbWnRhT9MSXb0oc9wr\niHDB44F4bFSyaCj5/eZAdyQLOY75lAHLaHJ/DUUTuV3HYi0M1aTMISWtob/jsY50\nhcC8TvXBOGOq7GgUHfnhfkeXnbTRsmHYJFl63W1WTC9Ix+nF/OrrM034lFn7VU3R\nf+qI+6df5AaQ3xPds5Y8PKVdayzLsEoqPMhvCFRgRkQjlAqAUlfhgTShM2qFOQcZ\nKNzXBL/nsG5xCA2NcmZ/SlS7X64chqrAoXMJsnrbWLu+HyB0mfAi0OPvCQKYlE01\n7wc/1IgpNja0E0p9lvkolKewXRWhx/fLigrP1jFcQcdNrlPscoUGxWnS+atTSMrz\nDRuv8N0AzzFgZTEwBPnuGT9dTZR1GQCx4WxAXFd8Q0k4Nbc5fRj6FeCFuFxsroxS\nJgo201liIQL5Of2LPLxng2GpXkpAl/I3pjJCpROyxbrHZSfriZoyo9/3UQLIvUq0\njbS7XGY1KhFnfaL8a7KVpFplpcn/2Mmy45Yb9WhQ5q4Vn2CWkXpbgJYlYxI9Ozb+\nWali+enIpNx4HCxmzHyYdqA+0hM7X5T/RztYm0eEHSTBU1wANNR3EhdC3pJZbSg0\nesK55Za3V+UyMFRGgsqQIexm58DC7eJUftBXhQSMWsA8mKUw4K5HXJ4ZkzdaTOu2\nBOlsbt4x2lepAAABAAO+rOHPHoylF8hc7fXTduGOBCacX1vMmfGdr2+EbZwucKE0\nMnVo69Z2KlqTJvOGxC6j79v5VUQIZhazB9EB95hBpywUurZX1w4iyBV0PBa4Bugz\n+oACCCX4WeusFOpJXe9mSB5iuHdmKngxlG4dBBIAE/9RbpIzgQ5um1o9kikH7lTB\nY2uRRBEVbzEz/k4Xux8hXOlI9zjiDrGdHCmCFuh1GxbeTBG5UPN0ia7nNazsnfc0\nSAfoaGWG9VkuQAyEX8OSUDdXMAfS8tAFLOFoDzLCUNIi85yFdIbSVFqjkEpvAtlW\nD4qi0I5nWqE3s/iaZ0DbFZxo1o4aIleMcsKAfOoAAAEBAMmWgB5qHjsC6S4rGHJs\nKhWaK/Rz9IZgiu47lESWo3kmCA7WJDDNBqybF18p7B2XHUgWU9dGej5Ov3Hnk6JT\nRmhZSuHU28Nv0ERcXzV8Y6wYLRSB96RBQOb7ZdD5S2+whwY2mcEge1/9c7J0ODIG\n28NCzPMowK6dvq/h9+h7O5n2+qIuzZ/3AYZMbiVv6p3xVLGVsJFMz3kpNG7K6R+A\n8bQu4ryOd5vnEyr3ClepvuX359dKN5r4TY/gImM4nTcO/IpBvF0xG1WtnIQhh97b\ntQ4G8Yoealrp6gnf7WGX1qS2hPATlJedp0M7O58nDwEO88vof8zAIoTQT0IOoQLa\nF6sAAAEBAPWvAHF1IyqPzhvzAjPu+qxcw86OrobH+EesW5VIo44mvj6Zq2ArRXdU\n8z9k7RTW/0O29ERmL6UBIxPVLfYD4nt3HpnZch0v/0FRtVWZnr9uriS9AZNOxGxr\nMli+UeeO0wFjce5udusdkTdSSncYe1SKUBPerQnwbusJmPQlY/tIUI6xcPqET1Vx\nD3YdJuEaVBURvGVzu7YSP1Ms1ZypfZrEwFLVXhkCWmk3GpuY1truKgYUP6GcDz2O\n11nV85sE8EPkRI3RktyTTKtwZzqUybEP7LKeLj3jw+CXviH8F4iMW9oSyDqzZN//\n7qYhquLUg8TwPiRmhNztVIaUCDYzGoMAAAAAAQID\n-----END OPENSSH PRIVATE KEY-----\n",
            "private_key_pem": "-----BEGIN RSA PRIVATE KEY-----\nMIIJKAIBAAKCAgEAwXbW2AgFgDZQiqDq/2q8X81y5ieGwaqbInS53Ed6Z6nbp8XW\nXMD0pMNVvDlY+UNbwXKJ62gP7m3Sqt321b0sMmS4r3vG5HKhzzBK+BreZFU+TB9Q\nVPshACDpUnx/wgkcvT7W6vIrOePmOKsmOGymDDLu6zrjLOAT0yK9R1jldU/JcSzn\nxKeOzRuljOWNgq9dLqOxZVy+Gy1MOQvbMgaL2F3TBlLcrq/jMZYdo62M/s69Ny4F\nHggy5H8/I/ea1LBn7ZDRFCIxVfI9/1ODgCP8RR0sm/hXm0Ny6OYCdJSb2xsCiWGy\nlKRsZ0PDMf5N8DrxUj5tNeteYHuVkrYvLhSQZB9rH8wvuykDq+KKOj7XOPedBpEG\nCRNoalYn8e+lB7+MwmKij2Er0dsRjFo4lm3owjjC/t1qbLaFlYEiPsSXwhKdtJ1p\nrbTJYUOxVaGgLdByzHHVVvZpdFURRQFXZeaiHcnViGUopB5eCRGJAUtdY6OF5UAX\nH8aIGrlbJPY720YwqG4xx7kQoGDL1kZcPJoqO9t0pakupxVWgxoWiJbpZf80l+aL\nd42EJtu580GRf21qNzz7Age9bQLv68qUhXKGkiC6X0+Gj8JhuzIUSJZPOIVotxJh\ncPQs1oOB8SMH+lcWvLJajDvHs33eZkIQuTfsIpvGg1THhk3N0PkCd2USeoECAwEA\nAQKCAgB086RZIDBDG5KA21p0YU/TEl29KHPcK4hwweOBeGxUsmgo+f3mQHckCzmO\n+ZQBy2hyfw1FE7ldx2ItDNWkzCElraG/47GOdIXAvE71wThjquxoFB354X5Hl520\n0bJh2CRZet1tVkwvSMfpxfzq6zNN+JRZ+1VN0X/qiPunX+QGkN8T3bOWPDylXWss\ny7BKKjzIbwhUYEZEI5QKgFJX4YE0oTNqhTkHGSjc1wS/57BucQgNjXJmf0pUu1+u\nHIaqwKFzCbJ621i7vh8gdJnwItDj7wkCmJRNNe8HP9SIKTY2tBNKfZb5KJSnsF0V\nocf3y4oKz9YxXEHHTa5T7HKFBsVp0vmrU0jK8w0br/DdAM8xYGUxMAT57hk/XU2U\ndRkAseFsQFxXfENJODW3OX0Y+hXghbhcbK6MUiYKNtNZYiEC+Tn9izy8Z4NhqV5K\nQJfyN6YyQqUTssW6x2Un64maMqPf91ECyL1KtI20u1xmNSoRZ32i/GuylaRaZaXJ\n/9jJsuOWG/VoUOauFZ9glpF6W4CWJWMSPTs2/lmpYvnpyKTceBwsZsx8mHagPtIT\nO1+U/0c7WJtHhB0kwVNcADTUdxIXQt6SWW0oNHrCueWWt1flMjBURoLKkCHsZufA\nwu3iVH7QV4UEjFrAPJilMOCuR1yeGZM3WkzrtgTpbG7eMdpXqQKCAQEAyZaAHmoe\nOwLpLisYcmwqFZor9HP0hmCK7juURJajeSYIDtYkMM0GrJsXXynsHZcdSBZT10Z6\nPk6/ceeTolNGaFlK4dTbw2/QRFxfNXxjrBgtFIH3pEFA5vtl0PlLb7CHBjaZwSB7\nX/1zsnQ4Mgbbw0LM8yjArp2+r+H36Hs7mfb6oi7Nn/cBhkxuJW/qnfFUsZWwkUzP\neSk0bsrpH4DxtC7ivI53m+cTKvcKV6m+5ffn10o3mvhNj+AiYzidNw78ikG8XTEb\nVa2chCGH3tu1Dgbxih5qWunqCd/tYZfWpLaE8BOUl52nQzs7nycPAQ7zy+h/zMAi\nhNBPQg6hAtoXqwKCAQEA9a8AcXUjKo/OG/MCM+76rFzDzo6uhsf4R6xblUijjia+\nPpmrYCtFd1TzP2TtFNb/Q7b0RGYvpQEjE9Ut9gPie3cemdlyHS//QVG1VZmev26u\nJL0Bk07EbGsyWL5R547TAWNx7m526x2RN1JKdxh7VIpQE96tCfBu6wmY9CVj+0hQ\njrFw+oRPVXEPdh0m4RpUFRG8ZXO7thI/UyzVnKl9msTAUtVeGQJaaTcam5jW2u4q\nBhQ/oZwPPY7XWdXzmwTwQ+REjdGS3JNMq3BnOpTJsQ/ssp4uPePD4Je+IfwXiIxb\n2hLIOrNk3//upiGq4tSDxPA+JGaE3O1UhpQINjMagwKCAQA8cf86n3EvGqFWsZ9j\n9+Dql07kvrwsathdtMmxg0XDNs8lu7ogU+nTabGpXEWrXbtu+RrsqvpOoogvHFQd\nUUEEWvnkG1JGGMnnJZd6zzCH0rv5sTrTKqnOWMVf0tB2zgS+rTKPQTEdSD8f3E9Z\nWMseknIn2yljcnNSA7y1HfZyJSdj6ArKE2OGpHZGjXdZIprVoN/PwatYVi2dpwQd\n6SkQcRqVlVZyDeimcmrMfF58UEhZOqzPr/J52KgW/kvNzZWV0z4q52Wd3C/ZQsCd\n510ztotIcfRMDGWbzmQ8Zi37N6tG3WgpyiD0PNeU0j5if9xEYROpDleLYXbShNZs\np35/AoIBAQDnMsV+/5WVUvjJ0nhrOORK2Y0mT50rlvktMaSJqm7Hsevr6x6cBHx9\nnMLAEJEOwHg9V+ksiOEjLRu+aSm0TtmOCH4Sl89MakOSS3sSz9rVGSnlxru5zTEJ\nOiOJ4agf+YbV0qh/kRJ1lUB3yAftZWuCFhrfZ/h81vb6VfDLKHibGuU8Mv03stUZ\neajsJOjWgrlHjoY1DqFB6JARDKsEn3dk8uxtxv6jGFTOmJ2AeWcPZXrEd7+drMem\nzUoY7z8szYvwx9o/f03uJuvKlZ9/QE9BQdQkDrlDYpiNPR8eyiW3SSaS5IPqwbEX\nHriNPDec+BH8fXxtMtCrOugFMT89CgBTAoIBAAO+rOHPHoylF8hc7fXTduGOBCac\nX1vMmfGdr2+EbZwucKE0MnVo69Z2KlqTJvOGxC6j79v5VUQIZhazB9EB95hBpywU\nurZX1w4iyBV0PBa4Bugz+oACCCX4WeusFOpJXe9mSB5iuHdmKngxlG4dBBIAE/9R\nbpIzgQ5um1o9kikH7lTBY2uRRBEVbzEz/k4Xux8hXOlI9zjiDrGdHCmCFuh1Gxbe\nTBG5UPN0ia7nNazsnfc0SAfoaGWG9VkuQAyEX8OSUDdXMAfS8tAFLOFoDzLCUNIi\n85yFdIbSVFqjkEpvAtlWD4qi0I5nWqE3s/iaZ0DbFZxo1o4aIleMcsKAfOo=\n-----END RSA PRIVATE KEY-----\n",
            "private_key_pem_pkcs8": "-----BEGIN PRIVATE KEY-----\nMIIJQgIBADANBgkqhkiG9w0BAQEFAASCCSwwggkoAgEAAoICAQDBdtbYCAWANlCK\noOr/arxfzXLmJ4bBqpsidLncR3pnqdunxdZcwPSkw1W8OVj5Q1vBconraA/ubdKq\n3fbVvSwyZLive8bkcqHPMEr4Gt5kVT5MH1BU+yEAIOlSfH/CCRy9Ptbq8is54+Y4\nqyY4bKYMMu7rOuMs4BPTIr1HWOV1T8lxLOfEp47NG6WM5Y2Cr10uo7FlXL4bLUw5\nC9syBovYXdMGUtyur+Mxlh2jrYz+zr03LgUeCDLkfz8j95rUsGftkNEUIjFV8j3/\nU4OAI/xFHSyb+FebQ3Lo5gJ0lJvbGwKJYbKUpGxnQ8Mx/k3wOvFSPm01615ge5WS\nti8uFJBkH2sfzC+7KQOr4oo6Ptc4950GkQYJE2hqVifx76UHv4zCYqKPYSvR2xGM\nWjiWbejCOML+3WpstoWVgSI+xJfCEp20nWmttMlhQ7FVoaAt0HLMcdVW9ml0VRFF\nAVdl5qIdydWIZSikHl4JEYkBS11jo4XlQBcfxogauVsk9jvbRjCobjHHuRCgYMvW\nRlw8mio723SlqS6nFVaDGhaIlull/zSX5ot3jYQm27nzQZF/bWo3PPsCB71tAu/r\nypSFcoaSILpfT4aPwmG7MhRIlk84hWi3EmFw9CzWg4HxIwf6Vxa8slqMO8ezfd5m\nQhC5N+wim8aDVMeGTc3Q+QJ3ZRJ6gQIDAQABAoICAHTzpFkgMEMbkoDbWnRhT9MS\nXb0oc9wriHDB44F4bFSyaCj5/eZAdyQLOY75lAHLaHJ/DUUTuV3HYi0M1aTMISWt\nob/jsY50hcC8TvXBOGOq7GgUHfnhfkeXnbTRsmHYJFl63W1WTC9Ix+nF/OrrM034\nlFn7VU3Rf+qI+6df5AaQ3xPds5Y8PKVdayzLsEoqPMhvCFRgRkQjlAqAUlfhgTSh\nM2qFOQcZKNzXBL/nsG5xCA2NcmZ/SlS7X64chqrAoXMJsnrbWLu+HyB0mfAi0OPv\nCQKYlE017wc/1IgpNja0E0p9lvkolKewXRWhx/fLigrP1jFcQcdNrlPscoUGxWnS\n+atTSMrzDRuv8N0AzzFgZTEwBPnuGT9dTZR1GQCx4WxAXFd8Q0k4Nbc5fRj6FeCF\nuFxsroxSJgo201liIQL5Of2LPLxng2GpXkpAl/I3pjJCpROyxbrHZSfriZoyo9/3\nUQLIvUq0jbS7XGY1KhFnfaL8a7KVpFplpcn/2Mmy45Yb9WhQ5q4Vn2CWkXpbgJYl\nYxI9Ozb+Wali+enIpNx4HCxmzHyYdqA+0hM7X5T/RztYm0eEHSTBU1wANNR3EhdC\n3pJZbSg0esK55Za3V+UyMFRGgsqQIexm58DC7eJUftBXhQSMWsA8mKUw4K5HXJ4Z\nkzdaTOu2BOlsbt4x2lepAoIBAQDJloAeah47AukuKxhybCoVmiv0c/SGYIruO5RE\nlqN5JggO1iQwzQasmxdfKewdlx1IFlPXRno+Tr9x55OiU0ZoWUrh1NvDb9BEXF81\nfGOsGC0UgfekQUDm+2XQ+UtvsIcGNpnBIHtf/XOydDgyBtvDQszzKMCunb6v4ffo\nezuZ9vqiLs2f9wGGTG4lb+qd8VSxlbCRTM95KTRuyukfgPG0LuK8jneb5xMq9wpX\nqb7l9+fXSjea+E2P4CJjOJ03DvyKQbxdMRtVrZyEIYfe27UOBvGKHmpa6eoJ3+1h\nl9aktoTwE5SXnadDOzufJw8BDvPL6H/MwCKE0E9CDqEC2herAoIBAQD1rwBxdSMq\nj84b8wIz7vqsXMPOjq6Gx/hHrFuVSKOOJr4+matgK0V3VPM/ZO0U1v9DtvREZi+l\nASMT1S32A+J7dx6Z2XIdL/9BUbVVmZ6/bq4kvQGTTsRsazJYvlHnjtMBY3Hubnbr\nHZE3Ukp3GHtUilAT3q0J8G7rCZj0JWP7SFCOsXD6hE9VcQ92HSbhGlQVEbxlc7u2\nEj9TLNWcqX2axMBS1V4ZAlppNxqbmNba7ioGFD+hnA89jtdZ1fObBPBD5ESN0ZLc\nk0yrcGc6lMmxD+yyni4948Pgl74h/BeIjFvaEsg6s2Tf/+6mIari1IPE8D4kZoTc\n7VSGlAg2MxqDAoIBADxx/zqfcS8aoVaxn2P34OqXTuS+vCxq2F20ybGDRcM2zyW7\nuiBT6dNpsalcRatdu275Guyq+k6iiC8cVB1RQQRa+eQbUkYYyecll3rPMIfSu/mx\nOtMqqc5YxV/S0HbOBL6tMo9BMR1IPx/cT1lYyx6ScifbKWNyc1IDvLUd9nIlJ2Po\nCsoTY4akdkaNd1kimtWg38/Bq1hWLZ2nBB3pKRBxGpWVVnIN6KZyasx8XnxQSFk6\nrM+v8nnYqBb+S83NlZXTPirnZZ3cL9lCwJ3nXTO2i0hx9EwMZZvOZDxmLfs3q0bd\naCnKIPQ815TSPmJ/3ERhE6kOV4thdtKE1mynfn8CggEBAOcyxX7/lZVS+MnSeGs4\n5ErZjSZPnSuW+S0xpImqbsex6+vrHpwEfH2cwsAQkQ7AeD1X6SyI4SMtG75pKbRO\n2Y4IfhKXz0xqQ5JLexLP2tUZKeXGu7nNMQk6I4nhqB/5htXSqH+REnWVQHfIB+1l\na4IWGt9n+HzW9vpV8MsoeJsa5Twy/Tey1Rl5qOwk6NaCuUeOhjUOoUHokBEMqwSf\nd2Ty7G3G/qMYVM6YnYB5Zw9lesR3v52sx6bNShjvPyzNi/DH2j9/Te4m68qVn39A\nT0FB1CQOuUNimI09Hx7KJbdJJpLkg+rBsRceuI08N5z4Efx9fG0y0Ks66AUxPz0K\nAFMCggEAA76s4c8ejKUXyFzt9dN24Y4EJpxfW8yZ8Z2vb4RtnC5woTQydWjr1nYq\nWpMm84bELqPv2/lVRAhmFrMH0QH3mEGnLBS6tlfXDiLIFXQ8FrgG6DP6gAIIJfhZ\n66wU6kld72ZIHmK4d2YqeDGUbh0EEgAT/1FukjOBDm6bWj2SKQfuVMFja5FEERVv\nMTP+The7HyFc6Uj3OOIOsZ0cKYIW6HUbFt5MEblQ83SJruc1rOyd9zRIB+hoZYb1\nWS5ADIRfw5JQN1cwB9Ly0AUs4WgPMsJQ0iLznIV0htJUWqOQSm8C2VYPiqLQjmda\noTez+JpnQNsVnGjWjhoiV4xywoB86g==\n-----END PRIVATE KEY-----\n",
            "public_key_fingerprint_md5": "34:a1:95:ae:9c:92:1e:99:91:69:cf:0e:6b:c3:f5:fc",
            "public_key_fingerprint_sha256": "SHA256:AG6uTEWPm8inlVRRZNRuRlAqhXF1L1sULyTxKuvLINo",
            "public_key_openssh": "ssh-rsa AAAAB3NzaC1yc2EAAAADAQABAAACAQDBdtbYCAWANlCKoOr/arxfzXLmJ4bBqpsidLncR3pnqdunxdZcwPSkw1W8OVj5Q1vBconraA/ubdKq3fbVvSwyZLive8bkcqHPMEr4Gt5kVT5MH1BU+yEAIOlSfH/CCRy9Ptbq8is54+Y4qyY4bKYMMu7rOuMs4BPTIr1HWOV1T8lxLOfEp47NG6WM5Y2Cr10uo7FlXL4bLUw5C9syBovYXdMGUtyur+Mxlh2jrYz+zr03LgUeCDLkfz8j95rUsGftkNEUIjFV8j3/U4OAI/xFHSyb+FebQ3Lo5gJ0lJvbGwKJYbKUpGxnQ8Mx/k3wOvFSPm01615ge5WSti8uFJBkH2sfzC+7KQOr4oo6Ptc4950GkQYJE2hqVifx76UHv4zCYqKPYSvR2xGMWjiWbejCOML+3WpstoWVgSI+xJfCEp20nWmttMlhQ7FVoaAt0HLMcdVW9ml0VRFFAVdl5qIdydWIZSikHl4JEYkBS11jo4XlQBcfxogauVsk9jvbRjCobjHHuRCgYMvWRlw8mio723SlqS6nFVaDGhaIlull/zSX5ot3jYQm27nzQZF/bWo3PPsCB71tAu/rypSFcoaSILpfT4aPwmG7MhRIlk84hWi3EmFw9CzWg4HxIwf6Vxa8slqMO8ezfd5mQhC5N+wim8aDVMeGTc3Q+QJ3ZRJ6gQ==\n",
            "public_key_pem": "-----BEGIN PUBLIC KEY-----\nMIICIjANBgkqhkiG9w0BAQEFAAOCAg8AMIICCgKCAgEAwXbW2AgFgDZQiqDq/2q8\nX81y5ieGwaqbInS53Ed6Z6nbp8XWXMD0pMNVvDlY+UNbwXKJ62gP7m3Sqt321b0s\nMmS4r3vG5HKhzzBK+BreZFU+TB9QVPshACDpUnx/wgkcvT7W6vIrOePmOKsmOGym\nDDLu6zrjLOAT0yK9R1jldU/JcSznxKeOzRuljOWNgq9dLqOxZVy+Gy1MOQvbMgaL\n2F3TBlLcrq/jMZYdo62M/s69Ny4FHggy5H8/I/ea1LBn7ZDRFCIxVfI9/1ODgCP8\nRR0sm/hXm0Ny6OYCdJSb2xsCiWGylKRsZ0PDMf5N8DrxUj5tNeteYHuVkrYvLhSQ\nZB9rH8wvuykDq+KKOj7XOPedBpEGCRNoalYn8e+lB7+MwmKij2Er0dsRjFo4lm3o\nwjjC/t1qbLaFlYEiPsSXwhKdtJ1prbTJYUOxVaGgLdByzHHVVvZpdFURRQFXZeai\nHcnViGUopB5eCRGJAUtdY6OF5UAXH8aIGrlbJPY720YwqG4xx7kQoGDL1kZcPJoq\nO9t0pakupxVWgxoWiJbpZf80l+aLd42EJtu580GRf21qNzz7Age9bQLv68qUhXKG\nkiC6X0+Gj8JhuzIUSJZPOIVotxJhcPQs1oOB8SMH+lcWvLJajDvHs33eZkIQuTfs\nIpvGg1THhk3N0PkCd2USeoECAwEAAQ==\n-----END PUBLIC KEY-----\n",
            "rsa_bits": 4096
          },
          "sensitive_attributes": []
        }
      ]
    }
  ],
  "check_results": null
}
